
Microsoft Visual Studio Solution File, Format Version 12.00
# Visual Studio Version 16
VisualStudioVersion = 16.0.31112.23
MinimumVisualStudioVersion = 10.0.40219.1
Project("{FAE04EC0-301F-11D3-BF4B-00C04F79EFBC}") = "EnglishHome.Android", "EnglishHome\EnglishHome.Android\EnglishHome.Android.csproj", "{522C8CEB-6E68-4470-90D6-9FE2B5BB579F}"
EndProject
Project("{FAE04EC0-301F-11D3-BF4B-00C04F79EFBC}") = "EnglishHome.iOS", "EnglishHome\EnglishHome.iOS\EnglishHome.iOS.csproj", "{4F0AB9D9-4D72-463F-879E-AA9D54D3C170}"
EndProject
Project("{FAE04EC0-301F-11D3-BF4B-00C04F79EFBC}") = "EnglishHome", "EnglishHome\EnglishHome\EnglishHome.csproj", "{E1989400-6423-4475-9502-A012163A970D}"
EndProject
Global
	GlobalSection(SolutionConfigurationPlatforms) = preSolution
		Debug|Any CPU = Debug|Any CPU
		Debug|iPhone = Debug|iPhone
		Debug|iPhoneSimulator = Debug|iPhoneSimulator
		Release|Any CPU = Release|Any CPU
		Release|iPhone = Release|iPhone
		Release|iPhoneSimulator = Release|iPhoneSimulator
	EndGlobalSection
	GlobalSection(ProjectConfigurationPlatforms) = postSolution
		{522C8CEB-6E68-4470-90D6-9FE2B5BB579F}.Debug|Any CPU.ActiveCfg = Debug|Any CPU
		{522C8CEB-6E68-4470-90D6-9FE2B5BB579F}.Debug|Any CPU.Build.0 = Debug|Any CPU
		{522C8CEB-6E68-4470-90D6-9FE2B5BB579F}.Debug|Any CPU.Deploy.0 = Debug|Any CPU
		{522C8CEB-6E68-4470-90D6-9FE2B5BB579F}.Debug|iPhone.ActiveCfg = Debug|Any CPU
		{522C8CEB-6E68-4470-90D6-9FE2B5BB579F}.Debug|iPhone.Build.0 = Debug|Any CPU
		{522C8CEB-6E68-4470-90D6-9FE2B5BB579F}.Debug|iPhone.Deploy.0 = Debug|Any CPU
		{522C8CEB-6E68-4470-90D6-9FE2B5BB579F}.Debug|iPhoneSimulator.ActiveCfg = Debug|Any CPU
		{522C8CEB-6E68-4470-90D6-9FE2B5BB579F}.Debug|iPhoneSimulator.Build.0 = Debug|Any CPU
		{522C8CEB-6E68-4470-90D6-9FE2B5BB579F}.Debug|iPhoneSimulator.Deploy.0 = Debug|Any CPU
		{522C8CEB-6E68-4470-90D6-9FE2B5BB579F}.Release|Any CPU.ActiveCfg = Release|Any CPU
		{522C8CEB-6E68-4470-90D6-9FE2B5BB579F}.Release|Any CPU.Build.0 = Release|Any CPU
		{522C8CEB-6E68-4470-90D6-9FE2B5BB579F}.Release|Any CPU.Deploy.0 = Release|Any CPU
		{522C8CEB-6E68-4470-90D6-9FE2B5BB579F}.Release|iPhone.ActiveCfg = Release|Any CPU
		{522C8CEB-6E68-4470-90D6-9FE2B5BB579F}.Release|iPhone.Build.0 = Release|Any CPU
		{522C8CEB-6E68-4470-90D6-9FE2B5BB579F}.Release|iPhone.Deploy.0 = Release|Any CPU
		{522C8CEB-6E68-4470-90D6-9FE2B5BB579F}.Release|iPhoneSimulator.ActiveCfg = Release|Any CPU
		{522C8CEB-6E68-4470-90D6-9FE2B5BB579F}.Release|iPhoneSimulator.Build.0 = Release|Any CPU
		{522C8CEB-6E68-4470-90D6-9FE2B5BB579F}.Release|iPhoneSimulator.Deploy.0 = Release|Any CPU
		{4F0AB9D9-4D72-463F-879E-AA9D54D3C170}.Debug|Any CPU.ActiveCfg = Debug|iPhone
		{4F0AB9D9-4D72-463F-879E-AA9D54D3C170}.Debug|Any CPU.Build.0 = Debug|iPhone
		{4F0AB9D9-4D72-463F-879E-AA9D54D3C170}.Debug|Any CPU.Deploy.0 = Debug|iPhone
		{4F0AB9D9-4D72-463F-879E-AA9D54D3C170}.Debug|iPhone.ActiveCfg = Debug|iPhone
		{4F0AB9D9-4D72-463F-879E-AA9D54D3C170}.Debug|iPhone.Build.0 = Debug|iPhone
		{4F0AB9D9-4D72-463F-879E-AA9D54D3C170}.Debug|iPhone.Deploy.0 = Debug|iPhone
		{4F0AB9D9-4D72-463F-879E-AA9D54D3C170}.Debug|iPhoneSimulator.ActiveCfg = Debug|iPhoneSimulator
		{4F0AB9D9-4D72-463F-879E-AA9D54D3C170}.Debug|iPhoneSimulator.Build.0 = Debug|iPhoneSimulator
		{4F0AB9D9-4D72-463F-879E-AA9D54D3C170}.Debug|iPhoneSimulator.Deploy.0 = Debug|iPhoneSimulator
		{4F0AB9D9-4D72-463F-879E-AA9D54D3C170}.Release|Any CPU.ActiveCfg = Release|iPhoneSimulator
		{4F0AB9D9-4D72-463F-879E-AA9D54D3C170}.Release|Any CPU.Build.0 = Release|iPhoneSimulator
		{4F0AB9D9-4D72-463F-879E-AA9D54D3C170}.Release|Any CPU.Deploy.0 = Release|iPhoneSimulator
		{4F0AB9D9-4D72-463F-879E-AA9D54D3C170}.Release|iPhone.ActiveCfg = Release|iPhone
		{4F0AB9D9-4D72-463F-879E-AA9D54D3C170}.Release|iPhone.Build.0 = Release|iPhone
		{4F0AB9D9-4D72-463F-879E-AA9D54D3C170}.Release|iPhone.Deploy.0 = Release|iPhone
		{4F0AB9D9-4D72-463F-879E-AA9D54D3C170}.Release|iPhoneSimulator.ActiveCfg = Release|iPhoneSimulator
		{4F0AB9D9-4D72-463F-879E-AA9D54D3C170}.Release|iPhoneSimulator.Build.0 = Release|iPhoneSimulator
		{4F0AB9D9-4D72-463F-879E-AA9D54D3C170}.Release|iPhoneSimulator.Deploy.0 = Release|iPhoneSimulator
		{E1989400-6423-4475-9502-A012163A970D}.Debug|Any CPU.ActiveCfg = Debug|Any CPU
		{E1989400-6423-4475-9502-A012163A970D}.Debug|Any CPU.Build.0 = Debug|Any CPU
		{E1989400-6423-4475-9502-A012163A970D}.Debug|Any CPU.Deploy.0 = Debug|Any CPU
		{E1989400-6423-4475-9502-A012163A970D}.Debug|iPhone.ActiveCfg = Debug|Any CPU
		{E1989400-6423-4475-9502-A012163A970D}.Debug|iPhone.Build.0 = Debug|Any CPU
		{E1989400-6423-4475-9502-A012163A970D}.Debug|iPhone.Deploy.0 = Debug|Any CPU
		{E1989400-6423-4475-9502-A012163A970D}.Debug|iPhoneSimulator.ActiveCfg = Debug|Any CPU
		{E1989400-6423-4475-9502-A012163A970D}.Debug|iPhoneSimulator.Build.0 = Debug|Any CPU
		{E1989400-6423-4475-9502-A012163A970D}.Debug|iPhoneSimulator.Deploy.0 = Debug|Any CPU
		{E1989400-6423-4475-9502-A012163A970D}.Release|Any CPU.ActiveCfg = Release|Any CPU
		{E1989400-6423-4475-9502-A012163A970D}.Release|Any CPU.Build.0 = Release|Any CPU
		{E1989400-6423-4475-9502-A012163A970D}.Release|Any CPU.Deploy.0 = Release|Any CPU
		{E1989400-6423-4475-9502-A012163A970D}.Release|iPhone.ActiveCfg = Release|Any CPU
		{E1989400-6423-4475-9502-A012163A970D}.Release|iPhone.Build.0 = Release|Any CPU
		{E1989400-6423-4475-9502-A012163A970D}.Release|iPhone.Deploy.0 = Release|Any CPU
		{E1989400-6423-4475-9502-A012163A970D}.Release|iPhoneSimulator.ActiveCfg = Release|Any CPU
		{E1989400-6423-4475-9502-A012163A970D}.Release|iPhoneSimulator.Build.0 = Release|Any CPU
		{E1989400-6423-4475-9502-A012163A970D}.Release|iPhoneSimulator.Deploy.0 = Release|Any CPU
	EndGlobalSection
	GlobalSection(SolutionProperties) = preSolution
		HideSolutionNode = FALSE
	EndGlobalSection
	GlobalSection(ExtensibilityGlobals) = postSolution
		SolutionGuid = {AA500B53-BFBA-4F63-B196-B2D575AA46F4}
	EndGlobalSection
EndGlobal
